// !$*UTF8*$!
{
	archiveVersion = 1;
	classes = {
	};
	objectVersion = 55;
	objects = {

/* Begin PBXBuildFile section */
		453DC08C28E18EBC0010213E /* ListTapModel.swift in Sources */ = {isa = PBXBuildFile; fileRef = 453DC08B28E18EBC0010213E /* ListTapModel.swift */; };
		453DC08E28E18ED30010213E /* ListTapViewModel.swift in Sources */ = {isa = PBXBuildFile; fileRef = 453DC08D28E18ED30010213E /* ListTapViewModel.swift */; };
		457B330A28E8D79A0023DBD2 /* ListTapViewModelTests.swift in Sources */ = {isa = PBXBuildFile; fileRef = 457B330928E8D79A0023DBD2 /* ListTapViewModelTests.swift */; };
		AEE2CC9B2819534F0087489B /* AppDelegate.swift in Sources */ = {isa = PBXBuildFile; fileRef = AEE2CC9A2819534F0087489B /* AppDelegate.swift */; };
		AEE2CC9D2819534F0087489B /* SceneDelegate.swift in Sources */ = {isa = PBXBuildFile; fileRef = AEE2CC9C2819534F0087489B /* SceneDelegate.swift */; };
		AEE2CC9F2819534F0087489B /* ViewController.swift in Sources */ = {isa = PBXBuildFile; fileRef = AEE2CC9E2819534F0087489B /* ViewController.swift */; };
		AEE2CCA22819534F0087489B /* Main.storyboard in Resources */ = {isa = PBXBuildFile; fileRef = AEE2CCA02819534F0087489B /* Main.storyboard */; };
		AEE2CCA4281953520087489B /* Assets.xcassets in Resources */ = {isa = PBXBuildFile; fileRef = AEE2CCA3281953520087489B /* Assets.xcassets */; };
		AEE2CCA7281953520087489B /* LaunchScreen.storyboard in Resources */ = {isa = PBXBuildFile; fileRef = AEE2CCA5281953520087489B /* LaunchScreen.storyboard */; };
		AEE2CCAF281953970087489B /* ContentView.swift in Sources */ = {isa = PBXBuildFile; fileRef = AEE2CCAE281953970087489B /* ContentView.swift */; };
/* End PBXBuildFile section */

/* Begin PBXContainerItemProxy section */
		457B330428E8D74F0023DBD2 /* PBXContainerItemProxy */ = {
			isa = PBXContainerItemProxy;
			containerPortal = AEE2CC8F2819534F0087489B /* Project object */;
			proxyType = 1;
			remoteGlobalIDString = AEE2CC962819534F0087489B;
			remoteInfo = ListTap;
		};
/* End PBXContainerItemProxy section */

/* Begin PBXFileReference section */
		453DC08B28E18EBC0010213E /* ListTapModel.swift */ = {isa = PBXFileReference; lastKnownFileType = sourcecode.swift; path = ListTapModel.swift; sourceTree = "<group>"; };
		453DC08D28E18ED30010213E /* ListTapViewModel.swift */ = {isa = PBXFileReference; lastKnownFileType = sourcecode.swift; path = ListTapViewModel.swift; sourceTree = "<group>"; };
		457B330028E8D74F0023DBD2 /* ListTapTests.xctest */ = {isa = PBXFileReference; explicitFileType = wrapper.cfbundle; includeInIndex = 0; path = ListTapTests.xctest; sourceTree = BUILT_PRODUCTS_DIR; };
		457B330928E8D79A0023DBD2 /* ListTapViewModelTests.swift */ = {isa = PBXFileReference; lastKnownFileType = sourcecode.swift; path = ListTapViewModelTests.swift; sourceTree = "<group>"; };
		AEE2CC972819534F0087489B /* ListTap.app */ = {isa = PBXFileReference; explicitFileType = wrapper.application; includeInIndex = 0; path = ListTap.app; sourceTree = BUILT_PRODUCTS_DIR; };
		AEE2CC9A2819534F0087489B /* AppDelegate.swift */ = {isa = PBXFileReference; lastKnownFileType = sourcecode.swift; path = AppDelegate.swift; sourceTree = "<group>"; };
		AEE2CC9C2819534F0087489B /* SceneDelegate.swift */ = {isa = PBXFileReference; lastKnownFileType = sourcecode.swift; path = SceneDelegate.swift; sourceTree = "<group>"; };
		AEE2CC9E2819534F0087489B /* ViewController.swift */ = {isa = PBXFileReference; lastKnownFileType = sourcecode.swift; path = ViewController.swift; sourceTree = "<group>"; };
		AEE2CCA12819534F0087489B /* Base */ = {isa = PBXFileReference; lastKnownFileType = file.storyboard; name = Base; path = Base.lproj/Main.storyboard; sourceTree = "<group>"; };
		AEE2CCA3281953520087489B /* Assets.xcassets */ = {isa = PBXFileReference; lastKnownFileType = folder.assetcatalog; path = Assets.xcassets; sourceTree = "<group>"; };
		AEE2CCA6281953520087489B /* Base */ = {isa = PBXFileReference; lastKnownFileType = file.storyboard; name = Base; path = Base.lproj/LaunchScreen.storyboard; sourceTree = "<group>"; };
		AEE2CCA8281953520087489B /* Info.plist */ = {isa = PBXFileReference; lastKnownFileType = text.plist.xml; path = Info.plist; sourceTree = "<group>"; };
		AEE2CCAE281953970087489B /* ContentView.swift */ = {isa = PBXFileReference; lastKnownFileType = sourcecode.swift; path = ContentView.swift; sourceTree = "<group>"; };
/* End PBXFileReference section */

/* Begin PBXFrameworksBuildPhase section */
		457B32FD28E8D74F0023DBD2 /* Frameworks */ = {
			isa = PBXFrameworksBuildPhase;
			buildActionMask = 2147483647;
			files = (
			);
			runOnlyForDeploymentPostprocessing = 0;
		};
		AEE2CC942819534F0087489B /* Frameworks */ = {
			isa = PBXFrameworksBuildPhase;
			buildActionMask = 2147483647;
			files = (
			);
			runOnlyForDeploymentPostprocessing = 0;
		};
/* End PBXFrameworksBuildPhase section */

/* Begin PBXGroup section */
		AEE2CC8E2819534F0087489B = {
			isa = PBXGroup;
			children = (
				AEE2CC992819534F0087489B /* ListTap */,
				AEE2CC982819534F0087489B /* Products */,
			);
			sourceTree = "<group>";
		};
		AEE2CC982819534F0087489B /* Products */ = {
			isa = PBXGroup;
			children = (
				AEE2CC972819534F0087489B /* ListTap.app */,
				457B330028E8D74F0023DBD2 /* ListTapTests.xctest */,
			);
			name = Products;
			sourceTree = "<group>";
		};
		AEE2CC992819534F0087489B /* ListTap */ = {
			isa = PBXGroup;
			children = (
				AEE2CC9A2819534F0087489B /* AppDelegate.swift */,
				AEE2CC9C2819534F0087489B /* SceneDelegate.swift */,
				AEE2CC9E2819534F0087489B /* ViewController.swift */,
				AEE2CCAE281953970087489B /* ContentView.swift */,
				453DC08B28E18EBC0010213E /* ListTapModel.swift */,
				453DC08D28E18ED30010213E /* ListTapViewModel.swift */,
				457B330928E8D79A0023DBD2 /* ListTapViewModelTests.swift */,
				AEE2CCA02819534F0087489B /* Main.storyboard */,
				AEE2CCA3281953520087489B /* Assets.xcassets */,
				AEE2CCA5281953520087489B /* LaunchScreen.storyboard */,
				AEE2CCA8281953520087489B /* Info.plist */,
			);
			path = ListTap;
			sourceTree = "<group>";
		};
/* End PBXGroup section */

/* Begin PBXNativeTarget section */
		457B32FF28E8D74F0023DBD2 /* ListTapTests */ = {
			isa = PBXNativeTarget;
			buildConfigurationList = 457B330628E8D74F0023DBD2 /* Build configuration list for PBXNativeTarget "ListTapTests" */;
			buildPhases = (
				457B32FC28E8D74F0023DBD2 /* Sources */,
				457B32FD28E8D74F0023DBD2 /* Frameworks */,
				457B32FE28E8D74F0023DBD2 /* Resources */,
			);
			buildRules = (
			);
			dependencies = (
				457B330528E8D74F0023DBD2 /* PBXTargetDependency */,
			);
			name = ListTapTests;
			productName = ListTapTests;
			productReference = 457B330028E8D74F0023DBD2 /* ListTapTests.xctest */;
			productType = "com.apple.product-type.bundle.unit-test";
		};
		AEE2CC962819534F0087489B /* ListTap */ = {
			isa = PBXNativeTarget;
			buildConfigurationList = AEE2CCAB281953520087489B /* Build configuration list for PBXNativeTarget "ListTap" */;
			buildPhases = (
				AEE2CC932819534F0087489B /* Sources */,
				AEE2CC942819534F0087489B /* Frameworks */,
				AEE2CC952819534F0087489B /* Resources */,
			);
			buildRules = (
			);
			dependencies = (
			);
			name = ListTap;
			productName = ListTap;
			productReference = AEE2CC972819534F0087489B /* ListTap.app */;
			productType = "com.apple.product-type.application";
		};
/* End PBXNativeTarget section */

/* Begin PBXProject section */
		AEE2CC8F2819534F0087489B /* Project object */ = {
			isa = PBXProject;
			attributes = {
				BuildIndependentTargetsInParallel = 1;
				LastSwiftUpdateCheck = 1400;
				LastUpgradeCheck = 1320;
				TargetAttributes = {
					457B32FF28E8D74F0023DBD2 = {
						CreatedOnToolsVersion = 14.0;
						TestTargetID = AEE2CC962819534F0087489B;
					};
					AEE2CC962819534F0087489B = {
						CreatedOnToolsVersion = 13.2.1;
					};
				};
			};
			buildConfigurationList = AEE2CC922819534F0087489B /* Build configuration list for PBXProject "ListTap" */;
			compatibilityVersion = "Xcode 13.0";
			developmentRegion = en;
			hasScannedForEncodings = 0;
			knownRegions = (
				en,
				Base,
			);
			mainGroup = AEE2CC8E2819534F0087489B;
			productRefGroup = AEE2CC982819534F0087489B /* Products */;
			projectDirPath = "";
			projectRoot = "";
			targets = (
				AEE2CC962819534F0087489B /* ListTap */,
				457B32FF28E8D74F0023DBD2 /* ListTapTests */,
			);
		};
/* End PBXProject section */

/* Begin PBXResourcesBuildPhase section */
		457B32FE28E8D74F0023DBD2 /* Resources */ = {
			isa = PBXResourcesBuildPhase;
			buildActionMask = 2147483647;
			files = (
			);
			runOnlyForDeploymentPostprocessing = 0;
		};
		AEE2CC952819534F0087489B /* Resources */ = {
			isa = PBXResourcesBuildPhase;
			buildActionMask = 2147483647;
			files = (
				AEE2CCA7281953520087489B /* LaunchScreen.storyboard in Resources */,
				AEE2CCA4281953520087489B /* Assets.xcassets in Resources */,
				AEE2CCA22819534F0087489B /* Main.storyboard in Resources */,
			);
			runOnlyForDeploymentPostprocessing = 0;
		};
/* End PBXResourcesBuildPhase section */

/* Begin PBXSourcesBuildPhase section */
		457B32FC28E8D74F0023DBD2 /* Sources */ = {
			isa = PBXSourcesBuildPhase;
			buildActionMask = 2147483647;
			files = (
				457B330A28E8D79A0023DBD2 /* ListTapViewModelTests.swift in Sources */,
			);
			runOnlyForDeploymentPostprocessing = 0;
		};
		AEE2CC932819534F0087489B /* Sources */ = {
			isa = PBXSourcesBuildPhase;
			buildActionMask = 2147483647;
			files = (
				453DC08E28E18ED30010213E /* ListTapViewModel.swift in Sources */,
				453DC08C28E18EBC0010213E /* ListTapModel.swift in Sources */,
				AEE2CC9F2819534F0087489B /* ViewController.swift in Sources */,
				AEE2CC9B2819534F0087489B /* AppDelegate.swift in Sources */,
				AEE2CCAF281953970087489B /* ContentView.swift in Sources */,
				AEE2CC9D2819534F0087489B /* SceneDelegate.swift in Sources */,
			);
			runOnlyForDeploymentPostprocessing = 0;
		};
/* End PBXSourcesBuildPhase section */

/* Begin PBXTargetDependency section */
		457B330528E8D74F0023DBD2 /* PBXTargetDependency */ = {
			isa = PBXTargetDependency;
			target = AEE2CC962819534F0087489B /* ListTap */;
			targetProxy = 457B330428E8D74F0023DBD2 /* PBXContainerItemProxy */;
		};
/* End PBXTargetDependency section */

/* Begin PBXVariantGroup section */
		AEE2CCA02819534F0087489B /* Main.storyboard */ = {
			isa = PBXVariantGroup;
			children = (
				AEE2CCA12819534F0087489B /* Base */,
			);
			name = Main.storyboard;
			sourceTree = "<group>";
		};
		AEE2CCA5281953520087489B /* LaunchScreen.storyboard */ = {
			isa = PBXVariantGroup;
			children = (
				AEE2CCA6281953520087489B /* Base */,
			);
			name = LaunchScreen.storyboard;
			sourceTree = "<group>";
		};
/* End PBXVariantGroup section */

/* Begin XCBuildConfiguration section */
		457B330728E8D74F0023DBD2 /* Debug */ = {
			isa = XCBuildConfiguration;
			buildSettings = {
				BUNDLE_LOADER = "$(TEST_HOST)";
				CLANG_CXX_LANGUAGE_STANDARD = "gnu++20";
				CODE_SIGN_STYLE = Automatic;
				CURRENT_PROJECT_VERSION = 1;
				GENERATE_INFOPLIST_FILE = YES;
				IPHONEOS_DEPLOYMENT_TARGET = 16.0;
				MARKETING_VERSION = 1.0;
				PRODUCT_BUNDLE_IDENTIFIER = com.igorlopatka.ListTapTests;
				PRODUCT_NAME = "$(TARGET_NAME)";
				SWIFT_EMIT_LOC_STRINGS = NO;
				SWIFT_VERSION = 5.0;
				TARGETED_DEVICE_FAMILY = "1,2";
				TEST_HOST = "$(BUILT_PRODUCTS_DIR)/ListTap.app/$(BUNDLE_EXECUTABLE_FOLDER_PATH)/ListTap";
			};
			name = Debug;
		};
		457B330828E8D74F0023DBD2 /* Release */ = {
			isa = XCBuildConfiguration;
			buildSettings = {
				BUNDLE_LOADER = "$(TEST_HOST)";
				CLANG_CXX_LANGUAGE_STANDARD = "gnu++20";
				CODE_SIGN_STYLE = Automatic;
				CURRENT_PROJECT_VERSION = 1;
				GENERATE_INFOPLIST_FILE = YES;
				IPHONEOS_DEPLOYMENT_TARGET = 16.0;
				MARKETING_VERSION = 1.0;
				PRODUCT_BUNDLE_IDENTIFIER = com.igorlopatka.ListTapTests;
				PRODUCT_NAME = "$(TARGET_NAME)";
				SWIFT_EMIT_LOC_STRINGS = NO;
				SWIFT_VERSION = 5.0;
				TARGETED_DEVICE_FAMILY = "1,2";
				TEST_HOST = "$(BUILT_PRODUCTS_DIR)/ListTap.app/$(BUNDLE_EXECUTABLE_FOLDER_PATH)/ListTap";
			};
			name = Release;
		};
		AEE2CCA9281953520087489B /* Debug */ = {
			isa = XCBuildConfiguration;
			buildSettings = {
				ALWAYS_SEARCH_USER_PATHS = NO;
				CLANG_ANALYZER_NONNULL = YES;
				CLANG_ANALYZER_NUMBER_OBJECT_CONVERSION = YES_AGGRESSIVE;
				CLANG_CXX_LANGUAGE_STANDARD = "gnu++17";
				CLANG_CXX_LIBRARY = "libc++";
				CLANG_ENABLE_MODULES = YES;
				CLANG_ENABLE_OBJC_ARC = YES;
				CLANG_ENABLE_OBJC_WEAK = YES;
				CLANG_WARN_BLOCK_CAPTURE_AUTORELEASING = YES;
				CLANG_WARN_BOOL_CONVERSION = YES;
				CLANG_WARN_COMMA = YES;
				CLANG_WARN_CONSTANT_CONVERSION = YES;
				CLANG_WARN_DEPRECATED_OBJC_IMPLEMENTATIONS = YES;
				CLANG_WARN_DIRECT_OBJC_ISA_USAGE = YES_ERROR;
				CLANG_WARN_DOCUMENTATION_COMMENTS = YES;
				CLANG_WARN_EMPTY_BODY = YES;
				CLANG_WARN_ENUM_CONVERSION = YES;
				CLANG_WARN_INFINITE_RECURSION = YES;
				CLANG_WARN_INT_CONVERSION = YES;
				CLANG_WARN_NON_LITERAL_NULL_CONVERSION = YES;
				CLANG_WARN_OBJC_IMPLICIT_RETAIN_SELF = YES;
				CLANG_WARN_OBJC_LITERAL_CONVERSION = YES;
				CLANG_WARN_OBJC_ROOT_CLASS = YES_ERROR;
				CLANG_WARN_QUOTED_INCLUDE_IN_FRAMEWORK_HEADER = YES;
				CLANG_WARN_RANGE_LOOP_ANALYSIS = YES;
				CLANG_WARN_STRICT_PROTOTYPES = YES;
				CLANG_WARN_SUSPICIOUS_MOVE = YES;
				CLANG_WARN_UNGUARDED_AVAILABILITY = YES_AGGRESSIVE;
				CLANG_WARN_UNREACHABLE_CODE = YES;
				CLANG_WARN__DUPLICATE_METHOD_MATCH = YES;
				COPY_PHASE_STRIP = NO;
				DEBUG_INFORMATION_FORMAT = dwarf;
				ENABLE_STRICT_OBJC_MSGSEND = YES;
				ENABLE_TESTABILITY = YES;
				GCC_C_LANGUAGE_STANDARD = gnu11;
				GCC_DYNAMIC_NO_PIC = NO;
				GCC_NO_COMMON_BLOCKS = YES;
				GCC_OPTIMIZATION_LEVEL = 0;
				GCC_PREPROCESSOR_DEFINITIONS = (
					"DEBUG=1",
					"$(inherited)",
				);
				GCC_WARN_64_TO_32_BIT_CONVERSION = YES;
				GCC_WARN_ABOUT_RETURN_TYPE = YES_ERROR;
				GCC_WARN_UNDECLARED_SELECTOR = YES;
				GCC_WARN_UNINITIALIZED_AUTOS = YES_AGGRESSIVE;
				GCC_WARN_UNUSED_FUNCTION = YES;
				GCC_WARN_UNUSED_VARIABLE = YES;
				IPHONEOS_DEPLOYMENT_TARGET = 15.2;
				MTL_ENABLE_DEBUG_INFO = INCLUDE_SOURCE;
				MTL_FAST_MATH = YES;
				ONLY_ACTIVE_ARCH = YES;
				SDKROOT = iphoneos;
				SWIFT_ACTIVE_COMPILATION_CONDITIONS = DEBUG;
				SWIFT_OPTIMIZATION_LEVEL = "-Onone";
			};
			name = Debug;
		};
		AEE2CCAA281953520087489B /* Release */ = {
			isa = XCBuildConfiguration;
			buildSettings = {
				ALWAYS_SEARCH_USER_PATHS = NO;
				CLANG_ANALYZER_NONNULL = YES;
				CLANG_ANALYZER_NUMBER_OBJECT_CONVERSION = YES_AGGRESSIVE;
				CLANG_CXX_LANGUAGE_STANDARD = "gnu++17";
				CLANG_CXX_LIBRARY = "libc++";
				CLANG_ENABLE_MODULES = YES;
				CLANG_ENABLE_OBJC_ARC = YES;
				CLANG_ENABLE_OBJC_WEAK = YES;
				CLANG_WARN_BLOCK_CAPTURE_AUTORELEASING = YES;
				CLANG_WARN_BOOL_CONVERSION = YES;
				CLANG_WARN_COMMA = YES;
				CLANG_WARN_CONSTANT_CONVERSION = YES;
				CLANG_WARN_DEPRECATED_OBJC_IMPLEMENTATIONS = YES;
				CLANG_WARN_DIRECT_OBJC_ISA_USAGE = YES_ERROR;
				CLANG_WARN_DOCUMENTATION_COMMENTS = YES;
				CLANG_WARN_EMPTY_BODY = YES;
				CLANG_WARN_ENUM_CONVERSION = YES;
				CLANG_WARN_INFINITE_RECURSION = YES;
				CLANG_WARN_INT_CONVERSION = YES;
				CLANG_WARN_NON_LITERAL_NULL_CONVERSION = YES;
				CLANG_WARN_OBJC_IMPLICIT_RETAIN_SELF = YES;
				CLANG_WARN_OBJC_LITERAL_CONVERSION = YES;
				CLANG_WARN_OBJC_ROOT_CLASS = YES_ERROR;
				CLANG_WARN_QUOTED_INCLUDE_IN_FRAMEWORK_HEADER = YES;
				CLANG_WARN_RANGE_LOOP_ANALYSIS = YES;
				CLANG_WARN_STRICT_PROTOTYPES = YES;
				CLANG_WARN_SUSPICIOUS_MOVE = YES;
				CLANG_WARN_UNGUARDED_AVAILABILITY = YES_AGGRESSIVE;
				CLANG_WARN_UNREACHABLE_CODE = YES;
				CLANG_WARN__DUPLICATE_METHOD_MATCH = YES;
				COPY_PHASE_STRIP = NO;
				DEBUG_INFORMATION_FORMAT = "dwarf-with-dsym";
				ENABLE_NS_ASSERTIONS = NO;
				ENABLE_STRICT_OBJC_MSGSEND = YES;
				GCC_C_LANGUAGE_STANDARD = gnu11;
				GCC_NO_COMMON_BLOCKS = YES;
				GCC_WARN_64_TO_32_BIT_CONVERSION = YES;
				GCC_WARN_ABOUT_RETURN_TYPE = YES_ERROR;
				GCC_WARN_UNDECLARED_SELECTOR = YES;
				GCC_WARN_UNINITIALIZED_AUTOS = YES_AGGRESSIVE;
				GCC_WARN_UNUSED_FUNCTION = YES;
				GCC_WARN_UNUSED_VARIABLE = YES;
				IPHONEOS_DEPLOYMENT_TARGET = 15.2;
				MTL_ENABLE_DEBUG_INFO = NO;
				MTL_FAST_MATH = YES;
				SDKROOT = iphoneos;
				SWIFT_COMPILATION_MODE = wholemodule;
				SWIFT_OPTIMIZATION_LEVEL = "-O";
				VALIDATE_PRODUCT = YES;
			};
			name = Release;
		};
		AEE2CCAC281953520087489B /* Debug */ = {
			isa = XCBuildConfiguration;
			buildSettings = {
				ASSETCATALOG_COMPILER_APPICON_NAME = AppIcon;
				ASSETCATALOG_COMPILER_GLOBAL_ACCENT_COLOR_NAME = AccentColor;
				CODE_SIGN_STYLE = Automatic;
				CURRENT_PROJECT_VERSION = 1;
				GENERATE_INFOPLIST_FILE = YES;
				INFOPLIST_FILE = ListTap/Info.plist;
				INFOPLIST_KEY_UIApplicationSupportsIndirectInputEvents = YES;
				INFOPLIST_KEY_UILaunchStoryboardName = LaunchScreen;
				INFOPLIST_KEY_UIMainStoryboardFile = Main;
				INFOPLIST_KEY_UISupportedInterfaceOrientations_iPad = "UIInterfaceOrientationPortrait UIInterfaceOrientationPortraitUpsideDown UIInterfaceOrientationLandscapeLeft UIInterfaceOrientationLandscapeRight";
				INFOPLIST_KEY_UISupportedInterfaceOrientations_iPhone = "UIInterfaceOrientationPortrait UIInterfaceOrientationLandscapeLeft UIInterfaceOrientationLandscapeRight";
				LD_RUNPATH_SEARCH_PATHS = (
					"$(inherited)",
					"@executable_path/Frameworks",
				);
				MARKETING_VERSION = 1.0;
				PRODUCT_BUNDLE_IDENTIFIER = com.daftmobile.ListTap.ListTap;
				PRODUCT_NAME = "$(TARGET_NAME)";
				SWIFT_EMIT_LOC_STRINGS = YES;
				SWIFT_VERSION = 5.0;
				TARGETED_DEVICE_FAMILY = "1,2";
			};
			name = Debug;
		};
		AEE2CCAD281953520087489B /* Release */ = {
			isa = XCBuildConfiguration;
			buildSettings = {
				ASSETCATALOG_COMPILER_APPICON_NAME = AppIcon;
				ASSETCATALOG_COMPILER_GLOBAL_ACCENT_COLOR_NAME = AccentColor;
				CODE_SIGN_STYLE = Automatic;
				CURRENT_PROJECT_VERSION = 1;
				GENERATE_INFOPLIST_FILE = YES;
				INFOPLIST_FILE = ListTap/Info.plist;
				INFOPLIST_KEY_UIApplicationSupportsIndirectInputEvents = YES;
				INFOPLIST_KEY_UILaunchStoryboardName = LaunchScreen;
				INFOPLIST_KEY_UIMainStoryboardFile = Main;
				INFOPLIST_KEY_UISupportedInterfaceOrientations_iPad = "UIInterfaceOrientationPortrait UIInterfaceOrientationPortraitUpsideDown UIInterfaceOrientationLandscapeLeft UIInterfaceOrientationLandscapeRight";
				INFOPLIST_KEY_UISupportedInterfaceOrientations_iPhone = "UIInterfaceOrientationPortrait UIInterfaceOrientationLandscapeLeft UIInterfaceOrientationLandscapeRight";
				LD_RUNPATH_SEARCH_PATHS = (
					"$(inherited)",
					"@executable_path/Frameworks",
				);
				MARKETING_VERSION = 1.0;
				PRODUCT_BUNDLE_IDENTIFIER = com.daftmobile.ListTap.ListTap;
				PRODUCT_NAME = "$(TARGET_NAME)";
				SWIFT_EMIT_LOC_STRINGS = YES;
				SWIFT_VERSION = 5.0;
				TARGETED_DEVICE_FAMILY = "1,2";
			};
			name = Release;
		};
/* End XCBuildConfiguration section */

/* Begin XCConfigurationList section */
		457B330628E8D74F0023DBD2 /* Build configuration list for PBXNativeTarget "ListTapTests" */ = {
			isa = XCConfigurationList;
			buildConfigurations = (
				457B330728E8D74F0023DBD2 /* Debug */,
				457B330828E8D74F0023DBD2 /* Release */,
			);
			defaultConfigurationIsVisible = 0;
			defaultConfigurationName = Release;
		};
		AEE2CC922819534F0087489B /* Build configuration list for PBXProject "ListTap" */ = {
			isa = XCConfigurationList;
			buildConfigurations = (
				AEE2CCA9281953520087489B /* Debug */,
				AEE2CCAA281953520087489B /* Release */,
			);
			defaultConfigurationIsVisible = 0;
			defaultConfigurationName = Release;
		};
		AEE2CCAB281953520087489B /* Build configuration list for PBXNativeTarget "ListTap" */ = {
			isa = XCConfigurationList;
			buildConfigurations = (
				AEE2CCAC281953520087489B /* Debug */,
				AEE2CCAD281953520087489B /* Release */,
			);
			defaultConfigurationIsVisible = 0;
			defaultConfigurationName = Release;
		};
/* End XCConfigurationList section */
	};
	rootObject = AEE2CC8F2819534F0087489B /* Project object */;
}
